
Microsoft Visual Studio Solution File, Format Version 12.00
# Visual Studio Version 17
VisualStudioVersion = 17.9.34728.123
MinimumVisualStudioVersion = 10.0.40219.1
Project("{FAE04EC0-301F-11D3-BF4B-00C04F79EFBC}") = "BaiTap_EF_DbFirst_ThanhGiang", "BaiTap_EF_DbFirst_ThanhGiang\BaiTap_EF_DbFirst_ThanhGiang.csproj", "{DABCA15E-03D8-41E3-A8BB-0A7677D63373}"
EndProject
Global
	GlobalSection(SolutionConfigurationPlatforms) = preSolution
		Debug|Any CPU = Debug|Any CPU
		Release|Any CPU = Release|Any CPU
	EndGlobalSection
	GlobalSection(ProjectConfigurationPlatforms) = postSolution
		{DABCA15E-03D8-41E3-A8BB-0A7677D63373}.Debug|Any CPU.ActiveCfg = Debug|Any CPU
		{DABCA15E-03D8-41E3-A8BB-0A7677D63373}.Debug|Any CPU.Build.0 = Debug|Any CPU
		{DABCA15E-03D8-41E3-A8BB-0A7677D63373}.Release|Any CPU.ActiveCfg = Release|Any CPU
		{DABCA15E-03D8-41E3-A8BB-0A7677D63373}.Release|Any CPU.Build.0 = Release|Any CPU
	EndGlobalSection
	GlobalSection(SolutionProperties) = preSolution
		HideSolutionNode = FALSE
	EndGlobalSection
	GlobalSection(ExtensibilityGlobals) = postSolution
		SolutionGuid = {FB7CB8B2-236D-412F-923E-04CB6DDE2E09}
	EndGlobalSection
EndGlobal
